
Microsoft Visual Studio Solution File, Format Version 12.00
# Visual Studio Version 17
VisualStudioVersion = 17.11.35208.52
MinimumVisualStudioVersion = 10.0.40219.1
Project("{9A19103F-16F7-4668-BE54-9A1E7A4F7556}") = "DiskSpaceAnalyzerLib", "DiskSpaceAnalyzerLib\DiskSpaceAnalyzerLib.csproj", "{57F0F1F2-F857-4CBF-A379-33A0C410FCD8}"
EndProject
Project("{9A19103F-16F7-4668-BE54-9A1E7A4F7556}") = "DiskSpaceAnalyzerConsole", "DiskSpaceAnalyzerConsole\DiskSpaceAnalyzerConsole.csproj", "{80BC641A-1EF7-474A-B6F6-71EC38408C77}"
EndProject
Project("{9A19103F-16F7-4668-BE54-9A1E7A4F7556}") = "DiskSpaceAnalyzerTest", "DiskSpaceAnalyzerTest\DiskSpaceAnalyzerTest.csproj", "{AD66A270-06B0-4BBF-A15D-0426EFA31AED}"
	ProjectSection(ProjectDependencies) = postProject
		{80BC641A-1EF7-474A-B6F6-71EC38408C77} = {80BC641A-1EF7-474A-B6F6-71EC38408C77}
	EndProjectSection
EndProject
Project("{9A19103F-16F7-4668-BE54-9A1E7A4F7556}") = "DiskSpaceAnalyzerMauiApp", "DiskSpaceAnalyzerMauiApp\DiskSpaceAnalyzerMauiApp.csproj", "{3F349158-3AB4-443B-8434-9242ED0A3262}"
EndProject
Global
	GlobalSection(SolutionConfigurationPlatforms) = preSolution
		Debug|Any CPU = Debug|Any CPU
		Release|Any CPU = Release|Any CPU
	EndGlobalSection
	GlobalSection(ProjectConfigurationPlatforms) = postSolution
		{57F0F1F2-F857-4CBF-A379-33A0C410FCD8}.Debug|Any CPU.ActiveCfg = Debug|Any CPU
		{57F0F1F2-F857-4CBF-A379-33A0C410FCD8}.Debug|Any CPU.Build.0 = Debug|Any CPU
		{57F0F1F2-F857-4CBF-A379-33A0C410FCD8}.Release|Any CPU.ActiveCfg = Release|Any CPU
		{57F0F1F2-F857-4CBF-A379-33A0C410FCD8}.Release|Any CPU.Build.0 = Release|Any CPU
		{80BC641A-1EF7-474A-B6F6-71EC38408C77}.Debug|Any CPU.ActiveCfg = Debug|Any CPU
		{80BC641A-1EF7-474A-B6F6-71EC38408C77}.Debug|Any CPU.Build.0 = Debug|Any CPU
		{80BC641A-1EF7-474A-B6F6-71EC38408C77}.Release|Any CPU.ActiveCfg = Release|Any CPU
		{80BC641A-1EF7-474A-B6F6-71EC38408C77}.Release|Any CPU.Build.0 = Release|Any CPU
		{AD66A270-06B0-4BBF-A15D-0426EFA31AED}.Debug|Any CPU.ActiveCfg = Debug|Any CPU
		{AD66A270-06B0-4BBF-A15D-0426EFA31AED}.Debug|Any CPU.Build.0 = Debug|Any CPU
		{AD66A270-06B0-4BBF-A15D-0426EFA31AED}.Release|Any CPU.ActiveCfg = Release|Any CPU
		{AD66A270-06B0-4BBF-A15D-0426EFA31AED}.Release|Any CPU.Build.0 = Release|Any CPU
		{3F349158-3AB4-443B-8434-9242ED0A3262}.Debug|Any CPU.ActiveCfg = Debug|Any CPU
		{3F349158-3AB4-443B-8434-9242ED0A3262}.Debug|Any CPU.Build.0 = Debug|Any CPU
		{3F349158-3AB4-443B-8434-9242ED0A3262}.Debug|Any CPU.Deploy.0 = Debug|Any CPU
		{3F349158-3AB4-443B-8434-9242ED0A3262}.Release|Any CPU.ActiveCfg = Release|Any CPU
		{3F349158-3AB4-443B-8434-9242ED0A3262}.Release|Any CPU.Build.0 = Release|Any CPU
		{3F349158-3AB4-443B-8434-9242ED0A3262}.Release|Any CPU.Deploy.0 = Release|Any CPU
	EndGlobalSection
	GlobalSection(SolutionProperties) = preSolution
		HideSolutionNode = FALSE
	EndGlobalSection
	GlobalSection(ExtensibilityGlobals) = postSolution
		SolutionGuid = {DD2BF172-236E-436D-A47F-AA91173289BC}
	EndGlobalSection
EndGlobal
